# This file was autogenerated by uv via the following command:
#    uv pip compile pyproject.toml
asgiref==3.9.1
    # via django
attrs==25.3.0
    # via
    #   jsonschema
    #   referencing
cachetools==5.5.2
    # via google-auth
certifi==2025.8.3
    # via requests
cffi==1.17.1
    # via cryptography
charset-normalizer==3.4.3
    # via requests
cryptography==45.0.6
    # via ozblind-board (pyproject.toml)
django==5.2.5
    # via
    #   ozblind-board (pyproject.toml)
    #   djangorestframework
    #   djangorestframework-simplejwt
    #   drf-spectacular
    #   drf-spectacular-sidecar
djangorestframework==3.16.1
    # via
    #   ozblind-board (pyproject.toml)
    #   djangorestframework-simplejwt
    #   drf-spectacular
djangorestframework-simplejwt==5.5.1
    # via ozblind-board (pyproject.toml)
drf-spectacular==0.28.0
    # via ozblind-board (pyproject.toml)
drf-spectacular-sidecar==2025.8.1
    # via ozblind-board (pyproject.toml)
google-auth==2.40.3
    # via ozblind-board (pyproject.toml)
idna==3.10
    # via requests
inflection==0.5.1
    # via drf-spectacular
iniconfig==2.1.0
    # via pytest
jsonschema==4.25.0
    # via drf-spectacular
jsonschema-specifications==2025.4.1
    # via jsonschema
packaging==25.0
    # via pytest
pluggy==1.6.0
    # via pytest
psycopg2-binary==2.9.10
    # via ozblind-board (pyproject.toml)
pyasn1==0.6.1
    # via
    #   pyasn1-modules
    #   rsa
pyasn1-modules==0.4.2
    # via google-auth
pycparser==2.22
    # via cffi
pygments==2.19.2
    # via pytest
pyjwt==2.10.1
    # via djangorestframework-simplejwt
pytest==8.4.1
    # via
    #   pytest-django
    #   pytest-mock
pytest-django==4.11.1
    # via ozblind-board (pyproject.toml)
pytest-mock==3.14.1
    # via ozblind-board (pyproject.toml)
python-dotenv==1.1.1
    # via ozblind-board (pyproject.toml)
pyyaml==6.0.2
    # via drf-spectacular
referencing==0.36.2
    # via
    #   jsonschema
    #   jsonschema-specifications
requests==2.32.4
    # via ozblind-board (pyproject.toml)
rpds-py==0.27.0
    # via
    #   jsonschema
    #   referencing
rsa==4.9.1
    # via google-auth
sqlparse==0.5.3
    # via django
uritemplate==4.2.0
    # via drf-spectacular
urllib3==2.5.0
    # via requests
